
Microsoft Visual Studio Solution File, Format Version 12.00
# Visual Studio Version 17
VisualStudioVersion = 17.2.32616.157
MinimumVisualStudioVersion = 10.0.40219.1
Project("{FAE04EC0-301F-11D3-BF4B-00C04F79EFBC}") = "Signature", "Signature\Signature.csproj", "{FCFC63E4-7005-4CAA-B756-EF69A8780365}"
EndProject
Global
	GlobalSection(SolutionConfigurationPlatforms) = preSolution
		Debug|Any CPU = Debug|Any CPU
		Release|Any CPU = Release|Any CPU
	EndGlobalSection
	GlobalSection(ProjectConfigurationPlatforms) = postSolution
		{FCFC63E4-7005-4CAA-B756-EF69A8780365}.Debug|Any CPU.ActiveCfg = Debug|Any CPU
		{FCFC63E4-7005-4CAA-B756-EF69A8780365}.Debug|Any CPU.Build.0 = Debug|Any CPU
		{FCFC63E4-7005-4CAA-B756-EF69A8780365}.Release|Any CPU.ActiveCfg = Release|Any CPU
		{FCFC63E4-7005-4CAA-B756-EF69A8780365}.Release|Any CPU.Build.0 = Release|Any CPU
	EndGlobalSection
	GlobalSection(SolutionProperties) = preSolution
		HideSolutionNode = FALSE
	EndGlobalSection
	GlobalSection(ExtensibilityGlobals) = postSolution
		SolutionGuid = {360D30EC-4F97-4B1D-BC98-B4BC2DC442C0}
	EndGlobalSection
EndGlobal
